
Microsoft Visual Studio Solution File, Format Version 12.00
# Visual Studio Version 17
VisualStudioVersion = 17.7.34031.279
MinimumVisualStudioVersion = 10.0.40219.1
Project("{FAE04EC0-301F-11D3-BF4B-00C04F79EFBC}") = "operation", "operation\operation.csproj", "{84998BF9-B3E5-4F53-BD9F-419BDE5C5EFF}"
EndProject
Global
	GlobalSection(SolutionConfigurationPlatforms) = preSolution
		Debug|Any CPU = Debug|Any CPU
		Release|Any CPU = Release|Any CPU
	EndGlobalSection
	GlobalSection(ProjectConfigurationPlatforms) = postSolution
		{84998BF9-B3E5-4F53-BD9F-419BDE5C5EFF}.Debug|Any CPU.ActiveCfg = Debug|Any CPU
		{84998BF9-B3E5-4F53-BD9F-419BDE5C5EFF}.Debug|Any CPU.Build.0 = Debug|Any CPU
		{84998BF9-B3E5-4F53-BD9F-419BDE5C5EFF}.Release|Any CPU.ActiveCfg = Release|Any CPU
		{84998BF9-B3E5-4F53-BD9F-419BDE5C5EFF}.Release|Any CPU.Build.0 = Release|Any CPU
	EndGlobalSection
	GlobalSection(SolutionProperties) = preSolution
		HideSolutionNode = FALSE
	EndGlobalSection
	GlobalSection(ExtensibilityGlobals) = postSolution
		SolutionGuid = {19ED93C4-E79F-4A25-ADCD-0B906F60B15B}
	EndGlobalSection
EndGlobal
