
Microsoft Visual Studio Solution File, Format Version 12.00
# Visual Studio Version 17
VisualStudioVersion = 17.7.34031.279
MinimumVisualStudioVersion = 10.0.40219.1
Project("{FAE04EC0-301F-11D3-BF4B-00C04F79EFBC}") = "bai2", "form1\bai2.csproj", "{DCAEAC05-BB86-4249-8623-3A97D52B3630}"
EndProject
Project("{FAE04EC0-301F-11D3-BF4B-00C04F79EFBC}") = "BigSmallNumber", "BigSmallNumber\BigSmallNumber.csproj", "{0667BD66-5D9E-4994-8DB9-A609534CBA24}"
EndProject
Project("{FAE04EC0-301F-11D3-BF4B-00C04F79EFBC}") = "SumNumber", "SumNumber\SumNumber.csproj", "{E48F6ED5-E5F0-45CF-B196-12CE0327DF06}"
EndProject
Project("{FAE04EC0-301F-11D3-BF4B-00C04F79EFBC}") = "bai11", "Bai3UCLN\bai11.csproj", "{524C76D2-B11C-420F-87CB-D950B71DF725}"
EndProject
Project("{FAE04EC0-301F-11D3-BF4B-00C04F79EFBC}") = "bai12", "bai4Prime\bai12.csproj", "{AC32D2D7-B172-40DC-A4C4-F485A3783EF7}"
EndProject
Project("{FAE04EC0-301F-11D3-BF4B-00C04F79EFBC}") = "bai26", "CalFraction\bai26.csproj", "{F818E9A1-F4E4-4B63-803C-0BCA590821ED}"
EndProject
Project("{FAE04EC0-301F-11D3-BF4B-00C04F79EFBC}") = "bai6Bit", "bai6Bit\bai6Bit.csproj", "{C75C6249-1C77-4D53-B97B-FA395DA90866}"
EndProject
Project("{FAE04EC0-301F-11D3-BF4B-00C04F79EFBC}") = "bai1", "bai8Cal\bai1.csproj", "{BE5842CA-71AF-449D-A740-1115BF139EA5}"
EndProject
Project("{FAE04EC0-301F-11D3-BF4B-00C04F79EFBC}") = "bai13", "bai1ListBox\bai13.csproj", "{5A616089-2DC3-4BEB-BAD8-32A435658714}"
EndProject
Project("{FAE04EC0-301F-11D3-BF4B-00C04F79EFBC}") = "bai66", "bai2ListBox2\bai66.csproj", "{B3C8706D-1BD8-4D07-954B-1A280075C17F}"
EndProject
Project("{FAE04EC0-301F-11D3-BF4B-00C04F79EFBC}") = "Buoi3bai1", "Buoi3bai1\Buoi3bai1.csproj", "{A2EDE2CD-5782-48EE-A222-31302216E54F}"
EndProject
Project("{FAE04EC0-301F-11D3-BF4B-00C04F79EFBC}") = "bai15", "..\combobox\combo1\combo1\bai15.csproj", "{9C09C94D-5640-425D-BD8B-336B7F438257}"
EndProject
Project("{FAE04EC0-301F-11D3-BF4B-00C04F79EFBC}") = "combo2", "..\combobox\combo1\combo2\combo2.csproj", "{2664C8C7-8717-445C-986A-6D1D3E0B058C}"
EndProject
Project("{FAE04EC0-301F-11D3-BF4B-00C04F79EFBC}") = "bai14", "..\combobox\combo1\combo3\bai14.csproj", "{69AB8C68-17D5-46D0-A83E-C9861D5BA4DD}"
EndProject
Project("{FAE04EC0-301F-11D3-BF4B-00C04F79EFBC}") = "bai17", "..\combobox\tooltip1\timer\bai17.csproj", "{CE9845B0-FB71-4FB8-9D5A-6D65AB7DFDE4}"
EndProject
Project("{FAE04EC0-301F-11D3-BF4B-00C04F79EFBC}") = "bai3", "..\combobox\tooltip1\tooltip1\bai3.csproj", "{31284029-BE1E-4BE0-87B7-E08E05E0EEB2}"
EndProject
Project("{FAE04EC0-301F-11D3-BF4B-00C04F79EFBC}") = "bai24", "..\FontDialog\FontDialog\bai24.csproj", "{9CE1C1B5-6054-4101-96F0-039FE638EBAE}"
EndProject
Project("{FAE04EC0-301F-11D3-BF4B-00C04F79EFBC}") = "SavefileDialog", "..\FontDialog\SavefileDialog\SavefileDialog.csproj", "{4FDB1CF1-2868-4E57-AC80-4C3003DF39A9}"
EndProject
Project("{9A19103F-16F7-4668-BE54-9A1E7A4F7556}") = "operation", "..\operation\operation\operation.csproj", "{6063EC5F-BE6C-456D-B033-00AE5BE208A5}"
EndProject
Project("{FAE04EC0-301F-11D3-BF4B-00C04F79EFBC}") = "overrideOperation", "..\overrideOperation\overrideOperation\overrideOperation.csproj", "{F1ACAB23-EEDC-48D6-9369-E84CC8E9D1F9}"
EndProject
Project("{FAE04EC0-301F-11D3-BF4B-00C04F79EFBC}") = "bai4", "bai4\bai4.csproj", "{CC40C040-6450-41B5-85EE-2E28225ED79D}"
EndProject
Project("{FAE04EC0-301F-11D3-BF4B-00C04F79EFBC}") = "bai5", "bai5\bai5.csproj", "{16FC5656-DA93-4F79-A59D-DE9D3B800240}"
EndProject
Project("{FAE04EC0-301F-11D3-BF4B-00C04F79EFBC}") = "bai6", "bai6\bai6.csproj", "{647F6B22-124E-4C80-93FC-9D08581B57FC}"
EndProject
Project("{FAE04EC0-301F-11D3-BF4B-00C04F79EFBC}") = "bai7", "bai7\bai7.csproj", "{0DEED142-87DE-4D53-9C07-365DCEE57BD9}"
EndProject
Project("{FAE04EC0-301F-11D3-BF4B-00C04F79EFBC}") = "bai8", "bai8\bai8.csproj", "{AB53563D-5935-4269-B119-B3AC8AEDE597}"
EndProject
Project("{FAE04EC0-301F-11D3-BF4B-00C04F79EFBC}") = "bai9", "bai9\bai9.csproj", "{C6A85900-8FFA-4406-881F-A3E12BA858D2}"
EndProject
Project("{FAE04EC0-301F-11D3-BF4B-00C04F79EFBC}") = "bai10", "bai10\bai10.csproj", "{AAB11CC2-F35D-4C9A-8237-A07E8F93C4FF}"
EndProject
Project("{FAE04EC0-301F-11D3-BF4B-00C04F79EFBC}") = "bai16", "bai16\bai16.csproj", "{443F29EA-CA9A-4CDB-9872-2BE2D2A0F020}"
EndProject
Project("{FAE04EC0-301F-11D3-BF4B-00C04F79EFBC}") = "bai18", "bai18\bai18.csproj", "{4F1BE5A0-2255-4461-923C-E8B0A84153B0}"
EndProject
Project("{FAE04EC0-301F-11D3-BF4B-00C04F79EFBC}") = "bai19", "bai19\bai19.csproj", "{0EE4EDF4-7BC2-4956-9E8F-3F10D6243E86}"
EndProject
Project("{FAE04EC0-301F-11D3-BF4B-00C04F79EFBC}") = "bai20", "bai20\bai20.csproj", "{182A7F09-3E87-4765-9EFD-FF115C9543A0}"
EndProject
Project("{FAE04EC0-301F-11D3-BF4B-00C04F79EFBC}") = "bai21", "bai21\bai21.csproj", "{75822E13-0812-4DFB-B0A1-120A9559F5E9}"
EndProject
Project("{FAE04EC0-301F-11D3-BF4B-00C04F79EFBC}") = "bai22", "bai22\bai22.csproj", "{53FBB18B-1745-46B2-97E7-19C7460684E6}"
EndProject
Project("{FAE04EC0-301F-11D3-BF4B-00C04F79EFBC}") = "bai23", "bai23\bai23.csproj", "{DFC43C49-3393-4AF9-9CFA-8E75106EFF4C}"
EndProject
Project("{FAE04EC0-301F-11D3-BF4B-00C04F79EFBC}") = "bai25", "bai25\bai25.csproj", "{E16561E6-C2E5-4273-BC67-C775AB15A684}"
EndProject
Project("{FAE04EC0-301F-11D3-BF4B-00C04F79EFBC}") = "bai27", "bai27\bai27.csproj", "{FF94C097-1BB7-488F-983D-6025DE890024}"
EndProject
Global
	GlobalSection(SolutionConfigurationPlatforms) = preSolution
		Debug|Any CPU = Debug|Any CPU
		Release|Any CPU = Release|Any CPU
	EndGlobalSection
	GlobalSection(ProjectConfigurationPlatforms) = postSolution
		{DCAEAC05-BB86-4249-8623-3A97D52B3630}.Debug|Any CPU.ActiveCfg = Debug|Any CPU
		{DCAEAC05-BB86-4249-8623-3A97D52B3630}.Debug|Any CPU.Build.0 = Debug|Any CPU
		{DCAEAC05-BB86-4249-8623-3A97D52B3630}.Release|Any CPU.ActiveCfg = Release|Any CPU
		{DCAEAC05-BB86-4249-8623-3A97D52B3630}.Release|Any CPU.Build.0 = Release|Any CPU
		{0667BD66-5D9E-4994-8DB9-A609534CBA24}.Debug|Any CPU.ActiveCfg = Debug|Any CPU
		{0667BD66-5D9E-4994-8DB9-A609534CBA24}.Debug|Any CPU.Build.0 = Debug|Any CPU
		{0667BD66-5D9E-4994-8DB9-A609534CBA24}.Release|Any CPU.ActiveCfg = Release|Any CPU
		{0667BD66-5D9E-4994-8DB9-A609534CBA24}.Release|Any CPU.Build.0 = Release|Any CPU
		{E48F6ED5-E5F0-45CF-B196-12CE0327DF06}.Debug|Any CPU.ActiveCfg = Debug|Any CPU
		{E48F6ED5-E5F0-45CF-B196-12CE0327DF06}.Debug|Any CPU.Build.0 = Debug|Any CPU
		{E48F6ED5-E5F0-45CF-B196-12CE0327DF06}.Release|Any CPU.ActiveCfg = Release|Any CPU
		{E48F6ED5-E5F0-45CF-B196-12CE0327DF06}.Release|Any CPU.Build.0 = Release|Any CPU
		{524C76D2-B11C-420F-87CB-D950B71DF725}.Debug|Any CPU.ActiveCfg = Debug|Any CPU
		{524C76D2-B11C-420F-87CB-D950B71DF725}.Debug|Any CPU.Build.0 = Debug|Any CPU
		{524C76D2-B11C-420F-87CB-D950B71DF725}.Release|Any CPU.ActiveCfg = Release|Any CPU
		{524C76D2-B11C-420F-87CB-D950B71DF725}.Release|Any CPU.Build.0 = Release|Any CPU
		{AC32D2D7-B172-40DC-A4C4-F485A3783EF7}.Debug|Any CPU.ActiveCfg = Debug|Any CPU
		{AC32D2D7-B172-40DC-A4C4-F485A3783EF7}.Debug|Any CPU.Build.0 = Debug|Any CPU
		{AC32D2D7-B172-40DC-A4C4-F485A3783EF7}.Release|Any CPU.ActiveCfg = Release|Any CPU
		{AC32D2D7-B172-40DC-A4C4-F485A3783EF7}.Release|Any CPU.Build.0 = Release|Any CPU
		{F818E9A1-F4E4-4B63-803C-0BCA590821ED}.Debug|Any CPU.ActiveCfg = Debug|Any CPU
		{F818E9A1-F4E4-4B63-803C-0BCA590821ED}.Debug|Any CPU.Build.0 = Debug|Any CPU
		{F818E9A1-F4E4-4B63-803C-0BCA590821ED}.Release|Any CPU.ActiveCfg = Release|Any CPU
		{F818E9A1-F4E4-4B63-803C-0BCA590821ED}.Release|Any CPU.Build.0 = Release|Any CPU
		{C75C6249-1C77-4D53-B97B-FA395DA90866}.Debug|Any CPU.ActiveCfg = Debug|Any CPU
		{C75C6249-1C77-4D53-B97B-FA395DA90866}.Debug|Any CPU.Build.0 = Debug|Any CPU
		{C75C6249-1C77-4D53-B97B-FA395DA90866}.Release|Any CPU.ActiveCfg = Release|Any CPU
		{C75C6249-1C77-4D53-B97B-FA395DA90866}.Release|Any CPU.Build.0 = Release|Any CPU
		{BE5842CA-71AF-449D-A740-1115BF139EA5}.Debug|Any CPU.ActiveCfg = Debug|Any CPU
		{BE5842CA-71AF-449D-A740-1115BF139EA5}.Debug|Any CPU.Build.0 = Debug|Any CPU
		{BE5842CA-71AF-449D-A740-1115BF139EA5}.Release|Any CPU.ActiveCfg = Release|Any CPU
		{BE5842CA-71AF-449D-A740-1115BF139EA5}.Release|Any CPU.Build.0 = Release|Any CPU
		{5A616089-2DC3-4BEB-BAD8-32A435658714}.Debug|Any CPU.ActiveCfg = Debug|Any CPU
		{5A616089-2DC3-4BEB-BAD8-32A435658714}.Debug|Any CPU.Build.0 = Debug|Any CPU
		{5A616089-2DC3-4BEB-BAD8-32A435658714}.Release|Any CPU.ActiveCfg = Release|Any CPU
		{5A616089-2DC3-4BEB-BAD8-32A435658714}.Release|Any CPU.Build.0 = Release|Any CPU
		{B3C8706D-1BD8-4D07-954B-1A280075C17F}.Debug|Any CPU.ActiveCfg = Debug|Any CPU
		{B3C8706D-1BD8-4D07-954B-1A280075C17F}.Debug|Any CPU.Build.0 = Debug|Any CPU
		{B3C8706D-1BD8-4D07-954B-1A280075C17F}.Release|Any CPU.ActiveCfg = Release|Any CPU
		{B3C8706D-1BD8-4D07-954B-1A280075C17F}.Release|Any CPU.Build.0 = Release|Any CPU
		{A2EDE2CD-5782-48EE-A222-31302216E54F}.Debug|Any CPU.ActiveCfg = Debug|Any CPU
		{A2EDE2CD-5782-48EE-A222-31302216E54F}.Debug|Any CPU.Build.0 = Debug|Any CPU
		{A2EDE2CD-5782-48EE-A222-31302216E54F}.Release|Any CPU.ActiveCfg = Release|Any CPU
		{A2EDE2CD-5782-48EE-A222-31302216E54F}.Release|Any CPU.Build.0 = Release|Any CPU
		{9C09C94D-5640-425D-BD8B-336B7F438257}.Debug|Any CPU.ActiveCfg = Debug|Any CPU
		{9C09C94D-5640-425D-BD8B-336B7F438257}.Debug|Any CPU.Build.0 = Debug|Any CPU
		{9C09C94D-5640-425D-BD8B-336B7F438257}.Release|Any CPU.ActiveCfg = Release|Any CPU
		{9C09C94D-5640-425D-BD8B-336B7F438257}.Release|Any CPU.Build.0 = Release|Any CPU
		{2664C8C7-8717-445C-986A-6D1D3E0B058C}.Debug|Any CPU.ActiveCfg = Debug|Any CPU
		{2664C8C7-8717-445C-986A-6D1D3E0B058C}.Debug|Any CPU.Build.0 = Debug|Any CPU
		{2664C8C7-8717-445C-986A-6D1D3E0B058C}.Release|Any CPU.ActiveCfg = Release|Any CPU
		{2664C8C7-8717-445C-986A-6D1D3E0B058C}.Release|Any CPU.Build.0 = Release|Any CPU
		{69AB8C68-17D5-46D0-A83E-C9861D5BA4DD}.Debug|Any CPU.ActiveCfg = Debug|Any CPU
		{69AB8C68-17D5-46D0-A83E-C9861D5BA4DD}.Debug|Any CPU.Build.0 = Debug|Any CPU
		{69AB8C68-17D5-46D0-A83E-C9861D5BA4DD}.Release|Any CPU.ActiveCfg = Release|Any CPU
		{69AB8C68-17D5-46D0-A83E-C9861D5BA4DD}.Release|Any CPU.Build.0 = Release|Any CPU
		{CE9845B0-FB71-4FB8-9D5A-6D65AB7DFDE4}.Debug|Any CPU.ActiveCfg = Debug|Any CPU
		{CE9845B0-FB71-4FB8-9D5A-6D65AB7DFDE4}.Debug|Any CPU.Build.0 = Debug|Any CPU
		{CE9845B0-FB71-4FB8-9D5A-6D65AB7DFDE4}.Release|Any CPU.ActiveCfg = Release|Any CPU
		{CE9845B0-FB71-4FB8-9D5A-6D65AB7DFDE4}.Release|Any CPU.Build.0 = Release|Any CPU
		{31284029-BE1E-4BE0-87B7-E08E05E0EEB2}.Debug|Any CPU.ActiveCfg = Debug|Any CPU
		{31284029-BE1E-4BE0-87B7-E08E05E0EEB2}.Debug|Any CPU.Build.0 = Debug|Any CPU
		{31284029-BE1E-4BE0-87B7-E08E05E0EEB2}.Release|Any CPU.ActiveCfg = Release|Any CPU
		{31284029-BE1E-4BE0-87B7-E08E05E0EEB2}.Release|Any CPU.Build.0 = Release|Any CPU
		{9CE1C1B5-6054-4101-96F0-039FE638EBAE}.Debug|Any CPU.ActiveCfg = Debug|Any CPU
		{9CE1C1B5-6054-4101-96F0-039FE638EBAE}.Debug|Any CPU.Build.0 = Debug|Any CPU
		{9CE1C1B5-6054-4101-96F0-039FE638EBAE}.Release|Any CPU.ActiveCfg = Release|Any CPU
		{9CE1C1B5-6054-4101-96F0-039FE638EBAE}.Release|Any CPU.Build.0 = Release|Any CPU
		{4FDB1CF1-2868-4E57-AC80-4C3003DF39A9}.Debug|Any CPU.ActiveCfg = Debug|Any CPU
		{4FDB1CF1-2868-4E57-AC80-4C3003DF39A9}.Debug|Any CPU.Build.0 = Debug|Any CPU
		{4FDB1CF1-2868-4E57-AC80-4C3003DF39A9}.Release|Any CPU.ActiveCfg = Release|Any CPU
		{4FDB1CF1-2868-4E57-AC80-4C3003DF39A9}.Release|Any CPU.Build.0 = Release|Any CPU
		{6063EC5F-BE6C-456D-B033-00AE5BE208A5}.Debug|Any CPU.ActiveCfg = Debug|Any CPU
		{6063EC5F-BE6C-456D-B033-00AE5BE208A5}.Debug|Any CPU.Build.0 = Debug|Any CPU
		{6063EC5F-BE6C-456D-B033-00AE5BE208A5}.Release|Any CPU.ActiveCfg = Release|Any CPU
		{6063EC5F-BE6C-456D-B033-00AE5BE208A5}.Release|Any CPU.Build.0 = Release|Any CPU
		{F1ACAB23-EEDC-48D6-9369-E84CC8E9D1F9}.Debug|Any CPU.ActiveCfg = Debug|Any CPU
		{F1ACAB23-EEDC-48D6-9369-E84CC8E9D1F9}.Debug|Any CPU.Build.0 = Debug|Any CPU
		{F1ACAB23-EEDC-48D6-9369-E84CC8E9D1F9}.Release|Any CPU.ActiveCfg = Release|Any CPU
		{F1ACAB23-EEDC-48D6-9369-E84CC8E9D1F9}.Release|Any CPU.Build.0 = Release|Any CPU
		{CC40C040-6450-41B5-85EE-2E28225ED79D}.Debug|Any CPU.ActiveCfg = Debug|Any CPU
		{CC40C040-6450-41B5-85EE-2E28225ED79D}.Debug|Any CPU.Build.0 = Debug|Any CPU
		{CC40C040-6450-41B5-85EE-2E28225ED79D}.Release|Any CPU.ActiveCfg = Release|Any CPU
		{CC40C040-6450-41B5-85EE-2E28225ED79D}.Release|Any CPU.Build.0 = Release|Any CPU
		{16FC5656-DA93-4F79-A59D-DE9D3B800240}.Debug|Any CPU.ActiveCfg = Debug|Any CPU
		{16FC5656-DA93-4F79-A59D-DE9D3B800240}.Debug|Any CPU.Build.0 = Debug|Any CPU
		{16FC5656-DA93-4F79-A59D-DE9D3B800240}.Release|Any CPU.ActiveCfg = Release|Any CPU
		{16FC5656-DA93-4F79-A59D-DE9D3B800240}.Release|Any CPU.Build.0 = Release|Any CPU
		{647F6B22-124E-4C80-93FC-9D08581B57FC}.Debug|Any CPU.ActiveCfg = Debug|Any CPU
		{647F6B22-124E-4C80-93FC-9D08581B57FC}.Debug|Any CPU.Build.0 = Debug|Any CPU
		{647F6B22-124E-4C80-93FC-9D08581B57FC}.Release|Any CPU.ActiveCfg = Release|Any CPU
		{647F6B22-124E-4C80-93FC-9D08581B57FC}.Release|Any CPU.Build.0 = Release|Any CPU
		{0DEED142-87DE-4D53-9C07-365DCEE57BD9}.Debug|Any CPU.ActiveCfg = Debug|Any CPU
		{0DEED142-87DE-4D53-9C07-365DCEE57BD9}.Debug|Any CPU.Build.0 = Debug|Any CPU
		{0DEED142-87DE-4D53-9C07-365DCEE57BD9}.Release|Any CPU.ActiveCfg = Release|Any CPU
		{0DEED142-87DE-4D53-9C07-365DCEE57BD9}.Release|Any CPU.Build.0 = Release|Any CPU
		{AB53563D-5935-4269-B119-B3AC8AEDE597}.Debug|Any CPU.ActiveCfg = Debug|Any CPU
		{AB53563D-5935-4269-B119-B3AC8AEDE597}.Debug|Any CPU.Build.0 = Debug|Any CPU
		{AB53563D-5935-4269-B119-B3AC8AEDE597}.Release|Any CPU.ActiveCfg = Release|Any CPU
		{AB53563D-5935-4269-B119-B3AC8AEDE597}.Release|Any CPU.Build.0 = Release|Any CPU
		{C6A85900-8FFA-4406-881F-A3E12BA858D2}.Debug|Any CPU.ActiveCfg = Debug|Any CPU
		{C6A85900-8FFA-4406-881F-A3E12BA858D2}.Debug|Any CPU.Build.0 = Debug|Any CPU
		{C6A85900-8FFA-4406-881F-A3E12BA858D2}.Release|Any CPU.ActiveCfg = Release|Any CPU
		{C6A85900-8FFA-4406-881F-A3E12BA858D2}.Release|Any CPU.Build.0 = Release|Any CPU
		{AAB11CC2-F35D-4C9A-8237-A07E8F93C4FF}.Debug|Any CPU.ActiveCfg = Debug|Any CPU
		{AAB11CC2-F35D-4C9A-8237-A07E8F93C4FF}.Debug|Any CPU.Build.0 = Debug|Any CPU
		{AAB11CC2-F35D-4C9A-8237-A07E8F93C4FF}.Release|Any CPU.ActiveCfg = Release|Any CPU
		{AAB11CC2-F35D-4C9A-8237-A07E8F93C4FF}.Release|Any CPU.Build.0 = Release|Any CPU
		{443F29EA-CA9A-4CDB-9872-2BE2D2A0F020}.Debug|Any CPU.ActiveCfg = Debug|Any CPU
		{443F29EA-CA9A-4CDB-9872-2BE2D2A0F020}.Debug|Any CPU.Build.0 = Debug|Any CPU
		{443F29EA-CA9A-4CDB-9872-2BE2D2A0F020}.Release|Any CPU.ActiveCfg = Release|Any CPU
		{443F29EA-CA9A-4CDB-9872-2BE2D2A0F020}.Release|Any CPU.Build.0 = Release|Any CPU
		{4F1BE5A0-2255-4461-923C-E8B0A84153B0}.Debug|Any CPU.ActiveCfg = Debug|Any CPU
		{4F1BE5A0-2255-4461-923C-E8B0A84153B0}.Debug|Any CPU.Build.0 = Debug|Any CPU
		{4F1BE5A0-2255-4461-923C-E8B0A84153B0}.Release|Any CPU.ActiveCfg = Release|Any CPU
		{4F1BE5A0-2255-4461-923C-E8B0A84153B0}.Release|Any CPU.Build.0 = Release|Any CPU
		{0EE4EDF4-7BC2-4956-9E8F-3F10D6243E86}.Debug|Any CPU.ActiveCfg = Debug|Any CPU
		{0EE4EDF4-7BC2-4956-9E8F-3F10D6243E86}.Debug|Any CPU.Build.0 = Debug|Any CPU
		{0EE4EDF4-7BC2-4956-9E8F-3F10D6243E86}.Release|Any CPU.ActiveCfg = Release|Any CPU
		{0EE4EDF4-7BC2-4956-9E8F-3F10D6243E86}.Release|Any CPU.Build.0 = Release|Any CPU
		{182A7F09-3E87-4765-9EFD-FF115C9543A0}.Debug|Any CPU.ActiveCfg = Debug|Any CPU
		{182A7F09-3E87-4765-9EFD-FF115C9543A0}.Debug|Any CPU.Build.0 = Debug|Any CPU
		{182A7F09-3E87-4765-9EFD-FF115C9543A0}.Release|Any CPU.ActiveCfg = Release|Any CPU
		{182A7F09-3E87-4765-9EFD-FF115C9543A0}.Release|Any CPU.Build.0 = Release|Any CPU
		{75822E13-0812-4DFB-B0A1-120A9559F5E9}.Debug|Any CPU.ActiveCfg = Debug|Any CPU
		{75822E13-0812-4DFB-B0A1-120A9559F5E9}.Debug|Any CPU.Build.0 = Debug|Any CPU
		{75822E13-0812-4DFB-B0A1-120A9559F5E9}.Release|Any CPU.ActiveCfg = Release|Any CPU
		{75822E13-0812-4DFB-B0A1-120A9559F5E9}.Release|Any CPU.Build.0 = Release|Any CPU
		{53FBB18B-1745-46B2-97E7-19C7460684E6}.Debug|Any CPU.ActiveCfg = Debug|Any CPU
		{53FBB18B-1745-46B2-97E7-19C7460684E6}.Debug|Any CPU.Build.0 = Debug|Any CPU
		{53FBB18B-1745-46B2-97E7-19C7460684E6}.Release|Any CPU.ActiveCfg = Release|Any CPU
		{53FBB18B-1745-46B2-97E7-19C7460684E6}.Release|Any CPU.Build.0 = Release|Any CPU
		{DFC43C49-3393-4AF9-9CFA-8E75106EFF4C}.Debug|Any CPU.ActiveCfg = Debug|Any CPU
		{DFC43C49-3393-4AF9-9CFA-8E75106EFF4C}.Debug|Any CPU.Build.0 = Debug|Any CPU
		{DFC43C49-3393-4AF9-9CFA-8E75106EFF4C}.Release|Any CPU.ActiveCfg = Release|Any CPU
		{DFC43C49-3393-4AF9-9CFA-8E75106EFF4C}.Release|Any CPU.Build.0 = Release|Any CPU
		{E16561E6-C2E5-4273-BC67-C775AB15A684}.Debug|Any CPU.ActiveCfg = Debug|Any CPU
		{E16561E6-C2E5-4273-BC67-C775AB15A684}.Debug|Any CPU.Build.0 = Debug|Any CPU
		{E16561E6-C2E5-4273-BC67-C775AB15A684}.Release|Any CPU.ActiveCfg = Release|Any CPU
		{E16561E6-C2E5-4273-BC67-C775AB15A684}.Release|Any CPU.Build.0 = Release|Any CPU
		{FF94C097-1BB7-488F-983D-6025DE890024}.Debug|Any CPU.ActiveCfg = Debug|Any CPU
		{FF94C097-1BB7-488F-983D-6025DE890024}.Debug|Any CPU.Build.0 = Debug|Any CPU
		{FF94C097-1BB7-488F-983D-6025DE890024}.Release|Any CPU.ActiveCfg = Release|Any CPU
		{FF94C097-1BB7-488F-983D-6025DE890024}.Release|Any CPU.Build.0 = Release|Any CPU
	EndGlobalSection
	GlobalSection(SolutionProperties) = preSolution
		HideSolutionNode = FALSE
	EndGlobalSection
	GlobalSection(ExtensibilityGlobals) = postSolution
		SolutionGuid = {0A072E8D-3B18-4770-B30C-EDB4C97243BB}
	EndGlobalSection
EndGlobal
