
Microsoft Visual Studio Solution File, Format Version 12.00
# Visual Studio Version 17
VisualStudioVersion = 17.7.34031.279
MinimumVisualStudioVersion = 10.0.40219.1
Project("{FAE04EC0-301F-11D3-BF4B-00C04F79EFBC}") = "overrideOperation", "overrideOperation\overrideOperation.csproj", "{F1ACAB23-EEDC-48D6-9369-E84CC8E9D1F9}"
EndProject
Global
	GlobalSection(SolutionConfigurationPlatforms) = preSolution
		Debug|Any CPU = Debug|Any CPU
		Release|Any CPU = Release|Any CPU
	EndGlobalSection
	GlobalSection(ProjectConfigurationPlatforms) = postSolution
		{F1ACAB23-EEDC-48D6-9369-E84CC8E9D1F9}.Debug|Any CPU.ActiveCfg = Debug|Any CPU
		{F1ACAB23-EEDC-48D6-9369-E84CC8E9D1F9}.Debug|Any CPU.Build.0 = Debug|Any CPU
		{F1ACAB23-EEDC-48D6-9369-E84CC8E9D1F9}.Release|Any CPU.ActiveCfg = Release|Any CPU
		{F1ACAB23-EEDC-48D6-9369-E84CC8E9D1F9}.Release|Any CPU.Build.0 = Release|Any CPU
	EndGlobalSection
	GlobalSection(SolutionProperties) = preSolution
		HideSolutionNode = FALSE
	EndGlobalSection
	GlobalSection(ExtensibilityGlobals) = postSolution
		SolutionGuid = {C95964C6-D060-4B78-8C02-581D72524D24}
	EndGlobalSection
EndGlobal
