
Microsoft Visual Studio Solution File, Format Version 12.00
# Visual Studio Version 17
VisualStudioVersion = 17.3.32825.248
MinimumVisualStudioVersion = 10.0.40219.1
Project("{FAE04EC0-301F-11D3-BF4B-00C04F79EFBC}") = "LibrarySystem", "LibrarySystem\LibrarySystem.csproj", "{D9BD2065-62F7-4AF0-9514-6B5754167773}"
EndProject
Project("{FAE04EC0-301F-11D3-BF4B-00C04F79EFBC}") = "QuanLyDocGia", "QuanLyDocGia\QuanLyDocGia.csproj", "{7AB2B1C5-0DD4-48FE-90D0-D19DCF2AD91D}"
EndProject
Project("{FAE04EC0-301F-11D3-BF4B-00C04F79EFBC}") = "QuanLyMuonSach", "QuanLyMuonSach\QuanLyMuonSach.csproj", "{C696AF1D-C43D-40BC-9D73-04FF779A076E}"
EndProject
Project("{FAE04EC0-301F-11D3-BF4B-00C04F79EFBC}") = "Login", "Login\Login.csproj", "{9177CC98-7AA4-472B-B6A5-E0F667909CBF}"
EndProject
Project("{FAE04EC0-301F-11D3-BF4B-00C04F79EFBC}") = "MenuLibrary", "MenuLibrary\MenuLibrary.csproj", "{72695A7E-28E8-4D97-B172-6BDB134CCE41}"
EndProject
Global
	GlobalSection(SolutionConfigurationPlatforms) = preSolution
		Debug|Any CPU = Debug|Any CPU
		Release|Any CPU = Release|Any CPU
	EndGlobalSection
	GlobalSection(ProjectConfigurationPlatforms) = postSolution
		{D9BD2065-62F7-4AF0-9514-6B5754167773}.Debug|Any CPU.ActiveCfg = Debug|Any CPU
		{D9BD2065-62F7-4AF0-9514-6B5754167773}.Debug|Any CPU.Build.0 = Debug|Any CPU
		{D9BD2065-62F7-4AF0-9514-6B5754167773}.Release|Any CPU.ActiveCfg = Release|Any CPU
		{D9BD2065-62F7-4AF0-9514-6B5754167773}.Release|Any CPU.Build.0 = Release|Any CPU
		{7AB2B1C5-0DD4-48FE-90D0-D19DCF2AD91D}.Debug|Any CPU.ActiveCfg = Debug|Any CPU
		{7AB2B1C5-0DD4-48FE-90D0-D19DCF2AD91D}.Debug|Any CPU.Build.0 = Debug|Any CPU
		{7AB2B1C5-0DD4-48FE-90D0-D19DCF2AD91D}.Release|Any CPU.ActiveCfg = Release|Any CPU
		{7AB2B1C5-0DD4-48FE-90D0-D19DCF2AD91D}.Release|Any CPU.Build.0 = Release|Any CPU
		{C696AF1D-C43D-40BC-9D73-04FF779A076E}.Debug|Any CPU.ActiveCfg = Debug|Any CPU
		{C696AF1D-C43D-40BC-9D73-04FF779A076E}.Debug|Any CPU.Build.0 = Debug|Any CPU
		{C696AF1D-C43D-40BC-9D73-04FF779A076E}.Release|Any CPU.ActiveCfg = Release|Any CPU
		{C696AF1D-C43D-40BC-9D73-04FF779A076E}.Release|Any CPU.Build.0 = Release|Any CPU
		{9177CC98-7AA4-472B-B6A5-E0F667909CBF}.Debug|Any CPU.ActiveCfg = Debug|Any CPU
		{9177CC98-7AA4-472B-B6A5-E0F667909CBF}.Debug|Any CPU.Build.0 = Debug|Any CPU
		{9177CC98-7AA4-472B-B6A5-E0F667909CBF}.Release|Any CPU.ActiveCfg = Release|Any CPU
		{9177CC98-7AA4-472B-B6A5-E0F667909CBF}.Release|Any CPU.Build.0 = Release|Any CPU
		{72695A7E-28E8-4D97-B172-6BDB134CCE41}.Debug|Any CPU.ActiveCfg = Debug|Any CPU
		{72695A7E-28E8-4D97-B172-6BDB134CCE41}.Debug|Any CPU.Build.0 = Debug|Any CPU
		{72695A7E-28E8-4D97-B172-6BDB134CCE41}.Release|Any CPU.ActiveCfg = Release|Any CPU
		{72695A7E-28E8-4D97-B172-6BDB134CCE41}.Release|Any CPU.Build.0 = Release|Any CPU
	EndGlobalSection
	GlobalSection(SolutionProperties) = preSolution
		HideSolutionNode = FALSE
	EndGlobalSection
	GlobalSection(ExtensibilityGlobals) = postSolution
		SolutionGuid = {5B11BDFB-C846-431A-A901-CC65A343FA8C}
	EndGlobalSection
EndGlobal
